{
  "name": "rhTextractStandardizeScanPage",
  "lockfileVersion": 3,
  "requires": true,
  "packages": {
    "": {
      "dependencies": {
        "amazon-textract-response-parser": "^0.4.3"
      }
    },
    "node_modules/amazon-textract-response-parser": {
      "version": "0.4.3",
      "resolved": "https://registry.npmjs.org/amazon-textract-response-parser/-/amazon-textract-response-parser-0.4.3.tgz",
      "integrity": "sha512-fp+Nnd3wAlRSfl2rpLMWPQ1jfZTEaVC5Tr/LY6to6ajM+BYmXetcFODRgJYV4DLy52TtDGCt7nXMhz36nFIzuQ==",
      "license": "Apache-2.0"
    }
  }
}
